// !$*UTF8*$!
{
	archiveVersion = 1;
	classes = {
	};
	objectVersion = 56;
	objects = {

/* Begin PBXBuildFile section */
		AF3EDFB62A56EF1700474AB0 /* AppDelegate.swift in Sources */ = {isa = PBXBuildFile; fileRef = AF3EDFB52A56EF1700474AB0 /* AppDelegate.swift */; };
		AF3EDFB82A56EF1700474AB0 /* SceneDelegate.swift in Sources */ = {isa = PBXBuildFile; fileRef = AF3EDFB72A56EF1700474AB0 /* SceneDelegate.swift */; };
		AF3EDFBF2A56EF1C00474AB0 /* Assets.xcassets in Resources */ = {isa = PBXBuildFile; fileRef = AF3EDFBE2A56EF1C00474AB0 /* Assets.xcassets */; };
		AF3EDFC22A56EF1C00474AB0 /* LaunchScreen.storyboard in Resources */ = {isa = PBXBuildFile; fileRef = AF3EDFC02A56EF1C00474AB0 /* LaunchScreen.storyboard */; };
		AF3EDFCD2A56EF1D00474AB0 /* VoltlinesBusStationsTests.swift in Sources */ = {isa = PBXBuildFile; fileRef = AF3EDFCC2A56EF1D00474AB0 /* VoltlinesBusStationsTests.swift */; };
		AF3EDFD72A56EF1D00474AB0 /* VoltlinesBusStationsUITests.swift in Sources */ = {isa = PBXBuildFile; fileRef = AF3EDFD62A56EF1D00474AB0 /* VoltlinesBusStationsUITests.swift */; };
		AF3EDFD92A56EF1D00474AB0 /* VoltlinesBusStationsUITestsLaunchTests.swift in Sources */ = {isa = PBXBuildFile; fileRef = AF3EDFD82A56EF1D00474AB0 /* VoltlinesBusStationsUITestsLaunchTests.swift */; };
		AF3EDFE72A56F47A00474AB0 /* Coordinator.swift in Sources */ = {isa = PBXBuildFile; fileRef = AF3EDFE62A56F47A00474AB0 /* Coordinator.swift */; };
		AF3EDFF02A56F5A900474AB0 /* MapViewController.swift in Sources */ = {isa = PBXBuildFile; fileRef = AF3EDFEE2A56F5A900474AB0 /* MapViewController.swift */; };
		AF3EDFF12A56F5A900474AB0 /* MapViewController.xib in Resources */ = {isa = PBXBuildFile; fileRef = AF3EDFEF2A56F5A900474AB0 /* MapViewController.xib */; };
		AF3EDFF72A5861B800474AB0 /* CoordinatorTests.swift in Sources */ = {isa = PBXBuildFile; fileRef = AF3EDFF62A5861B700474AB0 /* CoordinatorTests.swift */; };
/* End PBXBuildFile section */

/* Begin PBXContainerItemProxy section */
		AF3EDFC92A56EF1D00474AB0 /* PBXContainerItemProxy */ = {
			isa = PBXContainerItemProxy;
			containerPortal = AF3EDFAA2A56EF1700474AB0 /* Project object */;
			proxyType = 1;
			remoteGlobalIDString = AF3EDFB12A56EF1700474AB0;
			remoteInfo = VoltlinesBusStations;
		};
		AF3EDFD32A56EF1D00474AB0 /* PBXContainerItemProxy */ = {
			isa = PBXContainerItemProxy;
			containerPortal = AF3EDFAA2A56EF1700474AB0 /* Project object */;
			proxyType = 1;
			remoteGlobalIDString = AF3EDFB12A56EF1700474AB0;
			remoteInfo = VoltlinesBusStations;
		};
/* End PBXContainerItemProxy section */

/* Begin PBXFileReference section */
		AF3EDFB22A56EF1700474AB0 /* VoltlinesBusStations.app */ = {isa = PBXFileReference; explicitFileType = wrapper.application; includeInIndex = 0; path = VoltlinesBusStations.app; sourceTree = BUILT_PRODUCTS_DIR; };
		AF3EDFB52A56EF1700474AB0 /* AppDelegate.swift */ = {isa = PBXFileReference; lastKnownFileType = sourcecode.swift; path = AppDelegate.swift; sourceTree = "<group>"; };
		AF3EDFB72A56EF1700474AB0 /* SceneDelegate.swift */ = {isa = PBXFileReference; lastKnownFileType = sourcecode.swift; path = SceneDelegate.swift; sourceTree = "<group>"; };
		AF3EDFBE2A56EF1C00474AB0 /* Assets.xcassets */ = {isa = PBXFileReference; lastKnownFileType = folder.assetcatalog; path = Assets.xcassets; sourceTree = "<group>"; };
		AF3EDFC12A56EF1C00474AB0 /* Base */ = {isa = PBXFileReference; lastKnownFileType = file.storyboard; name = Base; path = Base.lproj/LaunchScreen.storyboard; sourceTree = "<group>"; };
		AF3EDFC32A56EF1C00474AB0 /* Info.plist */ = {isa = PBXFileReference; lastKnownFileType = text.plist.xml; path = Info.plist; sourceTree = "<group>"; };
		AF3EDFC82A56EF1D00474AB0 /* VoltlinesBusStationsTests.xctest */ = {isa = PBXFileReference; explicitFileType = wrapper.cfbundle; includeInIndex = 0; path = VoltlinesBusStationsTests.xctest; sourceTree = BUILT_PRODUCTS_DIR; };
		AF3EDFCC2A56EF1D00474AB0 /* VoltlinesBusStationsTests.swift */ = {isa = PBXFileReference; lastKnownFileType = sourcecode.swift; path = VoltlinesBusStationsTests.swift; sourceTree = "<group>"; };
		AF3EDFD22A56EF1D00474AB0 /* VoltlinesBusStationsUITests.xctest */ = {isa = PBXFileReference; explicitFileType = wrapper.cfbundle; includeInIndex = 0; path = VoltlinesBusStationsUITests.xctest; sourceTree = BUILT_PRODUCTS_DIR; };
		AF3EDFD62A56EF1D00474AB0 /* VoltlinesBusStationsUITests.swift */ = {isa = PBXFileReference; lastKnownFileType = sourcecode.swift; path = VoltlinesBusStationsUITests.swift; sourceTree = "<group>"; };
		AF3EDFD82A56EF1D00474AB0 /* VoltlinesBusStationsUITestsLaunchTests.swift */ = {isa = PBXFileReference; lastKnownFileType = sourcecode.swift; path = VoltlinesBusStationsUITestsLaunchTests.swift; sourceTree = "<group>"; };
		AF3EDFE62A56F47A00474AB0 /* Coordinator.swift */ = {isa = PBXFileReference; fileEncoding = 4; lastKnownFileType = sourcecode.swift; path = Coordinator.swift; sourceTree = "<group>"; };
		AF3EDFEE2A56F5A900474AB0 /* MapViewController.swift */ = {isa = PBXFileReference; lastKnownFileType = sourcecode.swift; path = MapViewController.swift; sourceTree = "<group>"; };
		AF3EDFEF2A56F5A900474AB0 /* MapViewController.xib */ = {isa = PBXFileReference; lastKnownFileType = file.xib; path = MapViewController.xib; sourceTree = "<group>"; };
		AF3EDFF62A5861B700474AB0 /* CoordinatorTests.swift */ = {isa = PBXFileReference; fileEncoding = 4; lastKnownFileType = sourcecode.swift; path = CoordinatorTests.swift; sourceTree = "<group>"; };
/* End PBXFileReference section */

/* Begin PBXFrameworksBuildPhase section */
		AF3EDFAF2A56EF1700474AB0 /* Frameworks */ = {
			isa = PBXFrameworksBuildPhase;
			buildActionMask = 2147483647;
			files = (
			);
			runOnlyForDeploymentPostprocessing = 0;
		};
		AF3EDFC52A56EF1D00474AB0 /* Frameworks */ = {
			isa = PBXFrameworksBuildPhase;
			buildActionMask = 2147483647;
			files = (
			);
			runOnlyForDeploymentPostprocessing = 0;
		};
		AF3EDFCF2A56EF1D00474AB0 /* Frameworks */ = {
			isa = PBXFrameworksBuildPhase;
			buildActionMask = 2147483647;
			files = (
			);
			runOnlyForDeploymentPostprocessing = 0;
		};
/* End PBXFrameworksBuildPhase section */

/* Begin PBXGroup section */
		AF3EDFA92A56EF1700474AB0 = {
			isa = PBXGroup;
			children = (
				AF3EDFB42A56EF1700474AB0 /* VoltlinesBusStations */,
				AF3EDFCB2A56EF1D00474AB0 /* VoltlinesBusStationsTests */,
				AF3EDFD52A56EF1D00474AB0 /* VoltlinesBusStationsUITests */,
				AF3EDFB32A56EF1700474AB0 /* Products */,
			);
			sourceTree = "<group>";
		};
		AF3EDFB32A56EF1700474AB0 /* Products */ = {
			isa = PBXGroup;
			children = (
				AF3EDFB22A56EF1700474AB0 /* VoltlinesBusStations.app */,
				AF3EDFC82A56EF1D00474AB0 /* VoltlinesBusStationsTests.xctest */,
				AF3EDFD22A56EF1D00474AB0 /* VoltlinesBusStationsUITests.xctest */,
			);
			name = Products;
			sourceTree = "<group>";
		};
		AF3EDFB42A56EF1700474AB0 /* VoltlinesBusStations */ = {
			isa = PBXGroup;
			children = (
				AF3EDFE82A56F49000474AB0 /* App Delegate */,
				AF3EDFE52A56F46300474AB0 /* App Coordinatior */,
				AF3EDFEA2A56F55F00474AB0 /* Scenes */,
				AF3EDFE92A56F52000474AB0 /* Resources */,
				AF3EDFC32A56EF1C00474AB0 /* Info.plist */,
			);
			path = VoltlinesBusStations;
			sourceTree = "<group>";
		};
		AF3EDFCB2A56EF1D00474AB0 /* VoltlinesBusStationsTests */ = {
			isa = PBXGroup;
			children = (
				AF3EDFF52A5861B700474AB0 /* Coordinator Tests */,
				AF3EDFCC2A56EF1D00474AB0 /* VoltlinesBusStationsTests.swift */,
			);
			path = VoltlinesBusStationsTests;
			sourceTree = "<group>";
		};
		AF3EDFD52A56EF1D00474AB0 /* VoltlinesBusStationsUITests */ = {
			isa = PBXGroup;
			children = (
				AF3EDFD62A56EF1D00474AB0 /* VoltlinesBusStationsUITests.swift */,
				AF3EDFD82A56EF1D00474AB0 /* VoltlinesBusStationsUITestsLaunchTests.swift */,
			);
			path = VoltlinesBusStationsUITests;
			sourceTree = "<group>";
		};
		AF3EDFE52A56F46300474AB0 /* App Coordinatior */ = {
			isa = PBXGroup;
			children = (
				AF3EDFE62A56F47A00474AB0 /* Coordinator.swift */,
			);
			path = "App Coordinatior";
			sourceTree = "<group>";
		};
		AF3EDFE82A56F49000474AB0 /* App Delegate */ = {
			isa = PBXGroup;
			children = (
				AF3EDFB52A56EF1700474AB0 /* AppDelegate.swift */,
				AF3EDFB72A56EF1700474AB0 /* SceneDelegate.swift */,
			);
			path = "App Delegate";
			sourceTree = "<group>";
		};
		AF3EDFE92A56F52000474AB0 /* Resources */ = {
			isa = PBXGroup;
			children = (
				AF3EDFBE2A56EF1C00474AB0 /* Assets.xcassets */,
				AF3EDFC02A56EF1C00474AB0 /* LaunchScreen.storyboard */,
			);
			path = Resources;
			sourceTree = "<group>";
		};
		AF3EDFEA2A56F55F00474AB0 /* Scenes */ = {
			isa = PBXGroup;
			children = (
				AF3EDFED2A56F58B00474AB0 /* Map */,
			);
			path = Scenes;
			sourceTree = "<group>";
		};
		AF3EDFED2A56F58B00474AB0 /* Map */ = {
			isa = PBXGroup;
			children = (
				AF3EDFEE2A56F5A900474AB0 /* MapViewController.swift */,
				AF3EDFEF2A56F5A900474AB0 /* MapViewController.xib */,
			);
			path = Map;
			sourceTree = "<group>";
		};
		AF3EDFF52A5861B700474AB0 /* Coordinator Tests */ = {
			isa = PBXGroup;
			children = (
				AF3EDFF62A5861B700474AB0 /* CoordinatorTests.swift */,
			);
			path = "Coordinator Tests";
			sourceTree = "<group>";
		};
/* End PBXGroup section */

/* Begin PBXNativeTarget section */
		AF3EDFB12A56EF1700474AB0 /* VoltlinesBusStations */ = {
			isa = PBXNativeTarget;
			buildConfigurationList = AF3EDFDC2A56EF1D00474AB0 /* Build configuration list for PBXNativeTarget "VoltlinesBusStations" */;
			buildPhases = (
				AF3EDFAE2A56EF1700474AB0 /* Sources */,
				AF3EDFAF2A56EF1700474AB0 /* Frameworks */,
				AF3EDFB02A56EF1700474AB0 /* Resources */,
				AF3EDFF22A58601700474AB0 /* SwiftLint */,
			);
			buildRules = (
			);
			dependencies = (
			);
			name = VoltlinesBusStations;
			productName = VoltlinesBusStations;
			productReference = AF3EDFB22A56EF1700474AB0 /* VoltlinesBusStations.app */;
			productType = "com.apple.product-type.application";
		};
		AF3EDFC72A56EF1D00474AB0 /* VoltlinesBusStationsTests */ = {
			isa = PBXNativeTarget;
			buildConfigurationList = AF3EDFDF2A56EF1D00474AB0 /* Build configuration list for PBXNativeTarget "VoltlinesBusStationsTests" */;
			buildPhases = (
				AF3EDFC42A56EF1D00474AB0 /* Sources */,
				AF3EDFC52A56EF1D00474AB0 /* Frameworks */,
				AF3EDFC62A56EF1D00474AB0 /* Resources */,
			);
			buildRules = (
			);
			dependencies = (
				AF3EDFCA2A56EF1D00474AB0 /* PBXTargetDependency */,
			);
			name = VoltlinesBusStationsTests;
			productName = VoltlinesBusStationsTests;
			productReference = AF3EDFC82A56EF1D00474AB0 /* VoltlinesBusStationsTests.xctest */;
			productType = "com.apple.product-type.bundle.unit-test";
		};
		AF3EDFD12A56EF1D00474AB0 /* VoltlinesBusStationsUITests */ = {
			isa = PBXNativeTarget;
			buildConfigurationList = AF3EDFE22A56EF1D00474AB0 /* Build configuration list for PBXNativeTarget "VoltlinesBusStationsUITests" */;
			buildPhases = (
				AF3EDFCE2A56EF1D00474AB0 /* Sources */,
				AF3EDFCF2A56EF1D00474AB0 /* Frameworks */,
				AF3EDFD02A56EF1D00474AB0 /* Resources */,
			);
			buildRules = (
			);
			dependencies = (
				AF3EDFD42A56EF1D00474AB0 /* PBXTargetDependency */,
			);
			name = VoltlinesBusStationsUITests;
			productName = VoltlinesBusStationsUITests;
			productReference = AF3EDFD22A56EF1D00474AB0 /* VoltlinesBusStationsUITests.xctest */;
			productType = "com.apple.product-type.bundle.ui-testing";
		};
/* End PBXNativeTarget section */

/* Begin PBXProject section */
		AF3EDFAA2A56EF1700474AB0 /* Project object */ = {
			isa = PBXProject;
			attributes = {
				BuildIndependentTargetsInParallel = 1;
				LastSwiftUpdateCheck = 1430;
				LastUpgradeCheck = 1430;
				TargetAttributes = {
					AF3EDFB12A56EF1700474AB0 = {
						CreatedOnToolsVersion = 14.3.1;
					};
					AF3EDFC72A56EF1D00474AB0 = {
						CreatedOnToolsVersion = 14.3.1;
						TestTargetID = AF3EDFB12A56EF1700474AB0;
					};
					AF3EDFD12A56EF1D00474AB0 = {
						CreatedOnToolsVersion = 14.3.1;
						TestTargetID = AF3EDFB12A56EF1700474AB0;
					};
				};
			};
			buildConfigurationList = AF3EDFAD2A56EF1700474AB0 /* Build configuration list for PBXProject "VoltlinesBusStations" */;
			compatibilityVersion = "Xcode 14.0";
			developmentRegion = en;
			hasScannedForEncodings = 0;
			knownRegions = (
				en,
				Base,
			);
			mainGroup = AF3EDFA92A56EF1700474AB0;
			productRefGroup = AF3EDFB32A56EF1700474AB0 /* Products */;
			projectDirPath = "";
			projectRoot = "";
			targets = (
				AF3EDFB12A56EF1700474AB0 /* VoltlinesBusStations */,
				AF3EDFC72A56EF1D00474AB0 /* VoltlinesBusStationsTests */,
				AF3EDFD12A56EF1D00474AB0 /* VoltlinesBusStationsUITests */,
			);
		};
/* End PBXProject section */

/* Begin PBXResourcesBuildPhase section */
		AF3EDFB02A56EF1700474AB0 /* Resources */ = {
			isa = PBXResourcesBuildPhase;
			buildActionMask = 2147483647;
			files = (
				AF3EDFC22A56EF1C00474AB0 /* LaunchScreen.storyboard in Resources */,
				AF3EDFF12A56F5A900474AB0 /* MapViewController.xib in Resources */,
				AF3EDFBF2A56EF1C00474AB0 /* Assets.xcassets in Resources */,
			);
			runOnlyForDeploymentPostprocessing = 0;
		};
		AF3EDFC62A56EF1D00474AB0 /* Resources */ = {
			isa = PBXResourcesBuildPhase;
			buildActionMask = 2147483647;
			files = (
			);
			runOnlyForDeploymentPostprocessing = 0;
		};
		AF3EDFD02A56EF1D00474AB0 /* Resources */ = {
			isa = PBXResourcesBuildPhase;
			buildActionMask = 2147483647;
			files = (
			);
			runOnlyForDeploymentPostprocessing = 0;
		};
/* End PBXResourcesBuildPhase section */

/* Begin PBXShellScriptBuildPhase section */
		AF3EDFF22A58601700474AB0 /* SwiftLint */ = {
			isa = PBXShellScriptBuildPhase;
			alwaysOutOfDate = 1;
			buildActionMask = 2147483647;
			files = (
			);
			inputFileListPaths = (
			);
			inputPaths = (
			);
			name = SwiftLint;
			outputFileListPaths = (
			);
			outputPaths = (
			);
			runOnlyForDeploymentPostprocessing = 0;
			shellPath = /bin/sh;
			shellScript = "if [[ \"$(uname -m)\" == arm64 ]]; then\n    export PATH=\"/opt/homebrew/bin:$PATH\"\nfi\n\nif which swiftlint > /dev/null; then\n  swiftlint\nelse\n  echo \"warning: SwiftLint not installed, download from https://github.com/realm/SwiftLint\"\nfi\n";
		};
/* End PBXShellScriptBuildPhase section */

/* Begin PBXSourcesBuildPhase section */
		AF3EDFAE2A56EF1700474AB0 /* Sources */ = {
			isa = PBXSourcesBuildPhase;
			buildActionMask = 2147483647;
			files = (
				AF3EDFE72A56F47A00474AB0 /* Coordinator.swift in Sources */,
				AF3EDFB62A56EF1700474AB0 /* AppDelegate.swift in Sources */,
				AF3EDFB82A56EF1700474AB0 /* SceneDelegate.swift in Sources */,
				AF3EDFF02A56F5A900474AB0 /* MapViewController.swift in Sources */,
			);
			runOnlyForDeploymentPostprocessing = 0;
		};
		AF3EDFC42A56EF1D00474AB0 /* Sources */ = {
			isa = PBXSourcesBuildPhase;
			buildActionMask = 2147483647;
			files = (
				AF3EDFF72A5861B800474AB0 /* CoordinatorTests.swift in Sources */,
				AF3EDFCD2A56EF1D00474AB0 /* VoltlinesBusStationsTests.swift in Sources */,
			);
			runOnlyForDeploymentPostprocessing = 0;
		};
		AF3EDFCE2A56EF1D00474AB0 /* Sources */ = {
			isa = PBXSourcesBuildPhase;
			buildActionMask = 2147483647;
			files = (
				AF3EDFD72A56EF1D00474AB0 /* VoltlinesBusStationsUITests.swift in Sources */,
				AF3EDFD92A56EF1D00474AB0 /* VoltlinesBusStationsUITestsLaunchTests.swift in Sources */,
			);
			runOnlyForDeploymentPostprocessing = 0;
		};
/* End PBXSourcesBuildPhase section */

/* Begin PBXTargetDependency section */
		AF3EDFCA2A56EF1D00474AB0 /* PBXTargetDependency */ = {
			isa = PBXTargetDependency;
			target = AF3EDFB12A56EF1700474AB0 /* VoltlinesBusStations */;
			targetProxy = AF3EDFC92A56EF1D00474AB0 /* PBXContainerItemProxy */;
		};
		AF3EDFD42A56EF1D00474AB0 /* PBXTargetDependency */ = {
			isa = PBXTargetDependency;
			target = AF3EDFB12A56EF1700474AB0 /* VoltlinesBusStations */;
			targetProxy = AF3EDFD32A56EF1D00474AB0 /* PBXContainerItemProxy */;
		};
/* End PBXTargetDependency section */

/* Begin PBXVariantGroup section */
		AF3EDFC02A56EF1C00474AB0 /* LaunchScreen.storyboard */ = {
			isa = PBXVariantGroup;
			children = (
				AF3EDFC12A56EF1C00474AB0 /* Base */,
			);
			name = LaunchScreen.storyboard;
			sourceTree = "<group>";
		};
/* End PBXVariantGroup section */

/* Begin XCBuildConfiguration section */
		AF3EDFDA2A56EF1D00474AB0 /* Debug */ = {
			isa = XCBuildConfiguration;
			buildSettings = {
				ALWAYS_SEARCH_USER_PATHS = NO;
				CLANG_ANALYZER_NONNULL = YES;
				CLANG_ANALYZER_NUMBER_OBJECT_CONVERSION = YES_AGGRESSIVE;
				CLANG_CXX_LANGUAGE_STANDARD = "gnu++20";
				CLANG_ENABLE_MODULES = YES;
				CLANG_ENABLE_OBJC_ARC = YES;
				CLANG_ENABLE_OBJC_WEAK = YES;
				CLANG_WARN_BLOCK_CAPTURE_AUTORELEASING = YES;
				CLANG_WARN_BOOL_CONVERSION = YES;
				CLANG_WARN_COMMA = YES;
				CLANG_WARN_CONSTANT_CONVERSION = YES;
				CLANG_WARN_DEPRECATED_OBJC_IMPLEMENTATIONS = YES;
				CLANG_WARN_DIRECT_OBJC_ISA_USAGE = YES_ERROR;
				CLANG_WARN_DOCUMENTATION_COMMENTS = YES;
				CLANG_WARN_EMPTY_BODY = YES;
				CLANG_WARN_ENUM_CONVERSION = YES;
				CLANG_WARN_INFINITE_RECURSION = YES;
				CLANG_WARN_INT_CONVERSION = YES;
				CLANG_WARN_NON_LITERAL_NULL_CONVERSION = YES;
				CLANG_WARN_OBJC_IMPLICIT_RETAIN_SELF = YES;
				CLANG_WARN_OBJC_LITERAL_CONVERSION = YES;
				CLANG_WARN_OBJC_ROOT_CLASS = YES_ERROR;
				CLANG_WARN_QUOTED_INCLUDE_IN_FRAMEWORK_HEADER = YES;
				CLANG_WARN_RANGE_LOOP_ANALYSIS = YES;
				CLANG_WARN_STRICT_PROTOTYPES = YES;
				CLANG_WARN_SUSPICIOUS_MOVE = YES;
				CLANG_WARN_UNGUARDED_AVAILABILITY = YES_AGGRESSIVE;
				CLANG_WARN_UNREACHABLE_CODE = YES;
				CLANG_WARN__DUPLICATE_METHOD_MATCH = YES;
				COPY_PHASE_STRIP = NO;
				DEBUG_INFORMATION_FORMAT = dwarf;
				ENABLE_STRICT_OBJC_MSGSEND = YES;
				ENABLE_TESTABILITY = YES;
				GCC_C_LANGUAGE_STANDARD = gnu11;
				GCC_DYNAMIC_NO_PIC = NO;
				GCC_NO_COMMON_BLOCKS = YES;
				GCC_OPTIMIZATION_LEVEL = 0;
				GCC_PREPROCESSOR_DEFINITIONS = (
					"DEBUG=1",
					"$(inherited)",
				);
				GCC_WARN_64_TO_32_BIT_CONVERSION = YES;
				GCC_WARN_ABOUT_RETURN_TYPE = YES_ERROR;
				GCC_WARN_UNDECLARED_SELECTOR = YES;
				GCC_WARN_UNINITIALIZED_AUTOS = YES_AGGRESSIVE;
				GCC_WARN_UNUSED_FUNCTION = YES;
				GCC_WARN_UNUSED_VARIABLE = YES;
				IPHONEOS_DEPLOYMENT_TARGET = 16.4;
				MTL_ENABLE_DEBUG_INFO = INCLUDE_SOURCE;
				MTL_FAST_MATH = YES;
				ONLY_ACTIVE_ARCH = YES;
				SDKROOT = iphoneos;
				SWIFT_ACTIVE_COMPILATION_CONDITIONS = DEBUG;
				SWIFT_OPTIMIZATION_LEVEL = "-Onone";
			};
			name = Debug;
		};
		AF3EDFDB2A56EF1D00474AB0 /* Release */ = {
			isa = XCBuildConfiguration;
			buildSettings = {
				ALWAYS_SEARCH_USER_PATHS = NO;
				CLANG_ANALYZER_NONNULL = YES;
				CLANG_ANALYZER_NUMBER_OBJECT_CONVERSION = YES_AGGRESSIVE;
				CLANG_CXX_LANGUAGE_STANDARD = "gnu++20";
				CLANG_ENABLE_MODULES = YES;
				CLANG_ENABLE_OBJC_ARC = YES;
				CLANG_ENABLE_OBJC_WEAK = YES;
				CLANG_WARN_BLOCK_CAPTURE_AUTORELEASING = YES;
				CLANG_WARN_BOOL_CONVERSION = YES;
				CLANG_WARN_COMMA = YES;
				CLANG_WARN_CONSTANT_CONVERSION = YES;
				CLANG_WARN_DEPRECATED_OBJC_IMPLEMENTATIONS = YES;
				CLANG_WARN_DIRECT_OBJC_ISA_USAGE = YES_ERROR;
				CLANG_WARN_DOCUMENTATION_COMMENTS = YES;
				CLANG_WARN_EMPTY_BODY = YES;
				CLANG_WARN_ENUM_CONVERSION = YES;
				CLANG_WARN_INFINITE_RECURSION = YES;
				CLANG_WARN_INT_CONVERSION = YES;
				CLANG_WARN_NON_LITERAL_NULL_CONVERSION = YES;
				CLANG_WARN_OBJC_IMPLICIT_RETAIN_SELF = YES;
				CLANG_WARN_OBJC_LITERAL_CONVERSION = YES;
				CLANG_WARN_OBJC_ROOT_CLASS = YES_ERROR;
				CLANG_WARN_QUOTED_INCLUDE_IN_FRAMEWORK_HEADER = YES;
				CLANG_WARN_RANGE_LOOP_ANALYSIS = YES;
				CLANG_WARN_STRICT_PROTOTYPES = YES;
				CLANG_WARN_SUSPICIOUS_MOVE = YES;
				CLANG_WARN_UNGUARDED_AVAILABILITY = YES_AGGRESSIVE;
				CLANG_WARN_UNREACHABLE_CODE = YES;
				CLANG_WARN__DUPLICATE_METHOD_MATCH = YES;
				COPY_PHASE_STRIP = NO;
				DEBUG_INFORMATION_FORMAT = "dwarf-with-dsym";
				ENABLE_NS_ASSERTIONS = NO;
				ENABLE_STRICT_OBJC_MSGSEND = YES;
				GCC_C_LANGUAGE_STANDARD = gnu11;
				GCC_NO_COMMON_BLOCKS = YES;
				GCC_WARN_64_TO_32_BIT_CONVERSION = YES;
				GCC_WARN_ABOUT_RETURN_TYPE = YES_ERROR;
				GCC_WARN_UNDECLARED_SELECTOR = YES;
				GCC_WARN_UNINITIALIZED_AUTOS = YES_AGGRESSIVE;
				GCC_WARN_UNUSED_FUNCTION = YES;
				GCC_WARN_UNUSED_VARIABLE = YES;
				IPHONEOS_DEPLOYMENT_TARGET = 16.4;
				MTL_ENABLE_DEBUG_INFO = NO;
				MTL_FAST_MATH = YES;
				SDKROOT = iphoneos;
				SWIFT_COMPILATION_MODE = wholemodule;
				SWIFT_OPTIMIZATION_LEVEL = "-O";
				VALIDATE_PRODUCT = YES;
			};
			name = Release;
		};
		AF3EDFDD2A56EF1D00474AB0 /* Debug */ = {
			isa = XCBuildConfiguration;
			buildSettings = {
				ASSETCATALOG_COMPILER_APPICON_NAME = AppIcon;
				ASSETCATALOG_COMPILER_GLOBAL_ACCENT_COLOR_NAME = AccentColor;
				CODE_SIGN_STYLE = Automatic;
				CURRENT_PROJECT_VERSION = 1;
				DEVELOPMENT_TEAM = KM569NM77P;
				GENERATE_INFOPLIST_FILE = YES;
				INFOPLIST_FILE = VoltlinesBusStations/Info.plist;
				INFOPLIST_KEY_UIApplicationSupportsIndirectInputEvents = YES;
				INFOPLIST_KEY_UILaunchStoryboardName = LaunchScreen;
				INFOPLIST_KEY_UISupportedInterfaceOrientations_iPad = "UIInterfaceOrientationPortrait UIInterfaceOrientationPortraitUpsideDown UIInterfaceOrientationLandscapeLeft UIInterfaceOrientationLandscapeRight";
				INFOPLIST_KEY_UISupportedInterfaceOrientations_iPhone = "UIInterfaceOrientationPortrait UIInterfaceOrientationLandscapeLeft UIInterfaceOrientationLandscapeRight";
				LD_RUNPATH_SEARCH_PATHS = (
					"$(inherited)",
					"@executable_path/Frameworks",
				);
				MARKETING_VERSION = 1.0;
				PRODUCT_BUNDLE_IDENTIFIER = com.obada.VoltlinesBusStations;
				PRODUCT_NAME = "$(TARGET_NAME)";
				SWIFT_EMIT_LOC_STRINGS = YES;
				SWIFT_VERSION = 5.0;
				TARGETED_DEVICE_FAMILY = "1,2";
			};
			name = Debug;
		};
		AF3EDFDE2A56EF1D00474AB0 /* Release */ = {
			isa = XCBuildConfiguration;
			buildSettings = {
				ASSETCATALOG_COMPILER_APPICON_NAME = AppIcon;
				ASSETCATALOG_COMPILER_GLOBAL_ACCENT_COLOR_NAME = AccentColor;
				CODE_SIGN_STYLE = Automatic;
				CURRENT_PROJECT_VERSION = 1;
				DEVELOPMENT_TEAM = KM569NM77P;
				GENERATE_INFOPLIST_FILE = YES;
				INFOPLIST_FILE = VoltlinesBusStations/Info.plist;
				INFOPLIST_KEY_UIApplicationSupportsIndirectInputEvents = YES;
				INFOPLIST_KEY_UILaunchStoryboardName = LaunchScreen;
				INFOPLIST_KEY_UISupportedInterfaceOrientations_iPad = "UIInterfaceOrientationPortrait UIInterfaceOrientationPortraitUpsideDown UIInterfaceOrientationLandscapeLeft UIInterfaceOrientationLandscapeRight";
				INFOPLIST_KEY_UISupportedInterfaceOrientations_iPhone = "UIInterfaceOrientationPortrait UIInterfaceOrientationLandscapeLeft UIInterfaceOrientationLandscapeRight";
				LD_RUNPATH_SEARCH_PATHS = (
					"$(inherited)",
					"@executable_path/Frameworks",
				);
				MARKETING_VERSION = 1.0;
				PRODUCT_BUNDLE_IDENTIFIER = com.obada.VoltlinesBusStations;
				PRODUCT_NAME = "$(TARGET_NAME)";
				SWIFT_EMIT_LOC_STRINGS = YES;
				SWIFT_VERSION = 5.0;
				TARGETED_DEVICE_FAMILY = "1,2";
			};
			name = Release;
		};
		AF3EDFE02A56EF1D00474AB0 /* Debug */ = {
			isa = XCBuildConfiguration;
			buildSettings = {
				ALWAYS_EMBED_SWIFT_STANDARD_LIBRARIES = YES;
				BUNDLE_LOADER = "$(TEST_HOST)";
				CODE_SIGN_STYLE = Automatic;
				CURRENT_PROJECT_VERSION = 1;
				DEVELOPMENT_TEAM = KM569NM77P;
				GENERATE_INFOPLIST_FILE = YES;
				IPHONEOS_DEPLOYMENT_TARGET = 16.4;
				MARKETING_VERSION = 1.0;
				PRODUCT_BUNDLE_IDENTIFIER = com.obada.VoltlinesBusStationsTests;
				PRODUCT_NAME = "$(TARGET_NAME)";
				SWIFT_EMIT_LOC_STRINGS = NO;
				SWIFT_VERSION = 5.0;
				TARGETED_DEVICE_FAMILY = "1,2";
				TEST_HOST = "$(BUILT_PRODUCTS_DIR)/VoltlinesBusStations.app/$(BUNDLE_EXECUTABLE_FOLDER_PATH)/VoltlinesBusStations";
			};
			name = Debug;
		};
		AF3EDFE12A56EF1D00474AB0 /* Release */ = {
			isa = XCBuildConfiguration;
			buildSettings = {
				ALWAYS_EMBED_SWIFT_STANDARD_LIBRARIES = YES;
				BUNDLE_LOADER = "$(TEST_HOST)";
				CODE_SIGN_STYLE = Automatic;
				CURRENT_PROJECT_VERSION = 1;
				DEVELOPMENT_TEAM = KM569NM77P;
				GENERATE_INFOPLIST_FILE = YES;
				IPHONEOS_DEPLOYMENT_TARGET = 16.4;
				MARKETING_VERSION = 1.0;
				PRODUCT_BUNDLE_IDENTIFIER = com.obada.VoltlinesBusStationsTests;
				PRODUCT_NAME = "$(TARGET_NAME)";
				SWIFT_EMIT_LOC_STRINGS = NO;
				SWIFT_VERSION = 5.0;
				TARGETED_DEVICE_FAMILY = "1,2";
				TEST_HOST = "$(BUILT_PRODUCTS_DIR)/VoltlinesBusStations.app/$(BUNDLE_EXECUTABLE_FOLDER_PATH)/VoltlinesBusStations";
			};
			name = Release;
		};
		AF3EDFE32A56EF1D00474AB0 /* Debug */ = {
			isa = XCBuildConfiguration;
			buildSettings = {
				ALWAYS_EMBED_SWIFT_STANDARD_LIBRARIES = YES;
				CODE_SIGN_STYLE = Automatic;
				CURRENT_PROJECT_VERSION = 1;
				DEVELOPMENT_TEAM = KM569NM77P;
				GENERATE_INFOPLIST_FILE = YES;
				MARKETING_VERSION = 1.0;
				PRODUCT_BUNDLE_IDENTIFIER = com.obada.VoltlinesBusStationsUITests;
				PRODUCT_NAME = "$(TARGET_NAME)";
				SWIFT_EMIT_LOC_STRINGS = NO;
				SWIFT_VERSION = 5.0;
				TARGETED_DEVICE_FAMILY = "1,2";
				TEST_TARGET_NAME = VoltlinesBusStations;
			};
			name = Debug;
		};
		AF3EDFE42A56EF1D00474AB0 /* Release */ = {
			isa = XCBuildConfiguration;
			buildSettings = {
				ALWAYS_EMBED_SWIFT_STANDARD_LIBRARIES = YES;
				CODE_SIGN_STYLE = Automatic;
				CURRENT_PROJECT_VERSION = 1;
				DEVELOPMENT_TEAM = KM569NM77P;
				GENERATE_INFOPLIST_FILE = YES;
				MARKETING_VERSION = 1.0;
				PRODUCT_BUNDLE_IDENTIFIER = com.obada.VoltlinesBusStationsUITests;
				PRODUCT_NAME = "$(TARGET_NAME)";
				SWIFT_EMIT_LOC_STRINGS = NO;
				SWIFT_VERSION = 5.0;
				TARGETED_DEVICE_FAMILY = "1,2";
				TEST_TARGET_NAME = VoltlinesBusStations;
			};
			name = Release;
		};
/* End XCBuildConfiguration section */

/* Begin XCConfigurationList section */
		AF3EDFAD2A56EF1700474AB0 /* Build configuration list for PBXProject "VoltlinesBusStations" */ = {
			isa = XCConfigurationList;
			buildConfigurations = (
				AF3EDFDA2A56EF1D00474AB0 /* Debug */,
				AF3EDFDB2A56EF1D00474AB0 /* Release */,
			);
			defaultConfigurationIsVisible = 0;
			defaultConfigurationName = Release;
		};
		AF3EDFDC2A56EF1D00474AB0 /* Build configuration list for PBXNativeTarget "VoltlinesBusStations" */ = {
			isa = XCConfigurationList;
			buildConfigurations = (
				AF3EDFDD2A56EF1D00474AB0 /* Debug */,
				AF3EDFDE2A56EF1D00474AB0 /* Release */,
			);
			defaultConfigurationIsVisible = 0;
			defaultConfigurationName = Release;
		};
		AF3EDFDF2A56EF1D00474AB0 /* Build configuration list for PBXNativeTarget "VoltlinesBusStationsTests" */ = {
			isa = XCConfigurationList;
			buildConfigurations = (
				AF3EDFE02A56EF1D00474AB0 /* Debug */,
				AF3EDFE12A56EF1D00474AB0 /* Release */,
			);
			defaultConfigurationIsVisible = 0;
			defaultConfigurationName = Release;
		};
		AF3EDFE22A56EF1D00474AB0 /* Build configuration list for PBXNativeTarget "VoltlinesBusStationsUITests" */ = {
			isa = XCConfigurationList;
			buildConfigurations = (
				AF3EDFE32A56EF1D00474AB0 /* Debug */,
				AF3EDFE42A56EF1D00474AB0 /* Release */,
			);
			defaultConfigurationIsVisible = 0;
			defaultConfigurationName = Release;
		};
/* End XCConfigurationList section */
	};
	rootObject = AF3EDFAA2A56EF1700474AB0 /* Project object */;
}
